
Microsoft Visual Studio Solution File, Format Version 12.00
# Visual Studio Version 17
VisualStudioVersion = 17.14.36221.1 d17.14
MinimumVisualStudioVersion = 10.0.40219.1
Project("{FAE04EC0-301F-11D3-BF4B-00C04F79EFBC}") = "Leetcode Tasks", "Leetcode Tasks\Leetcode Tasks.csproj", "{430BC99C-092E-4086-A0ED-37BBAEDB4DA7}"
EndProject
Global
	GlobalSection(SolutionConfigurationPlatforms) = preSolution
		Debug|Any CPU = Debug|Any CPU
		Release|Any CPU = Release|Any CPU
	EndGlobalSection
	GlobalSection(ProjectConfigurationPlatforms) = postSolution
		{430BC99C-092E-4086-A0ED-37BBAEDB4DA7}.Debug|Any CPU.ActiveCfg = Debug|Any CPU
		{430BC99C-092E-4086-A0ED-37BBAEDB4DA7}.Debug|Any CPU.Build.0 = Debug|Any CPU
		{430BC99C-092E-4086-A0ED-37BBAEDB4DA7}.Release|Any CPU.ActiveCfg = Release|Any CPU
		{430BC99C-092E-4086-A0ED-37BBAEDB4DA7}.Release|Any CPU.Build.0 = Release|Any CPU
	EndGlobalSection
	GlobalSection(SolutionProperties) = preSolution
		HideSolutionNode = FALSE
	EndGlobalSection
	GlobalSection(ExtensibilityGlobals) = postSolution
		SolutionGuid = {D3A23873-FB70-4B1B-BF85-E97129DF009C}
	EndGlobalSection
EndGlobal
